github.com/pierrre/assert v0.14.0 h1:2hc0qEEWyktoh/PyPVPyYihrSkEU6RdsrEc60LrpAvE=
github.com/pierrre/assert v0.14.0/go.mod h1:+5MI/gZOgHWt4v8SWoVWx9V4CN2xkQZaoJLD43SyMe0=
github.com/pierrre/compare v1.4.15 h1:ZYzDSe6D07cj54erJHXXBE2Ot9GPM5VnTOhVrvXe74M=
github.com/pierrre/compare v1.4.15/go.mod h1:WHIREzz9xDNMzyIIp+RyZULubskCL/Vj6nnrd5Xwml8=
github.com/pierrre/errors v0.15.6 h1:2BYcAIbzUQig5fXUlDwwbJi7VLMNDW0r6lwqHm+ZbS8=
github.com/pierrre/errors v0.15.6/go.mod h1:WOTjMC6cjc9qFrSBMiZR+Pp0MwvGndOXklwfct2B1EQ=
github.com/pierrre/go-libs v0.32.0 h1:2zP02OZAFQ1Hioyh256Suy6nOzBAlXrFaC72XNy82qM=
github.com/pierrre/go-libs v0.32.0/go.mod h1:Vtw8//eTbfTiRGUA+YKdzILd1/6wlNsU6MIMvolg/+E=
github.com/pierrre/pretty v0.24.4 h1:eouezkwbRYjGbM/Ew4iza4JCO/TJSLVBBU1grBPGXcM=
github.com/pierrre/pretty v0.24.4/go.mod h1:8ef9ITM8ya30VjNsYvXURuIFWX5pFvjqo0+M4GmHpAQ=
